
Microsoft Visual Studio Solution File, Format Version 12.00
# Visual Studio Version 16
VisualStudioVersion = 16.0.29613.14
MinimumVisualStudioVersion = 10.0.40219.1
Project("{2150E333-8FDC-42A3-9474-1A3956D46DE8}") = "Microservices", "Microservices", "{163E2A13-F1A9-40CC-B39A-B3FA9FB78D48}"
EndProject
Project("{2150E333-8FDC-42A3-9474-1A3956D46DE8}") = "Domain", "Domain", "{7DF42C0E-64DC-4C41-8940-075B1FB0EBBD}"
EndProject
Project("{2150E333-8FDC-42A3-9474-1A3956D46DE8}") = "Infra.Bus", "Infra.Bus", "{AFDAFD02-AC77-4C53-A3E7-94BC898A27BA}"
EndProject
Project("{2150E333-8FDC-42A3-9474-1A3956D46DE8}") = "Infra.IOC", "Infra.IOC", "{61CF8F1D-C80E-4794-B002-764F4DD35BFA}"
EndProject
Project("{2150E333-8FDC-42A3-9474-1A3956D46DE8}") = "Presentation", "Presentation", "{95DEC5FF-0FCC-4AF1-A158-4B5FFFC20CEA}"
EndProject
Project("{9A19103F-16F7-4668-BE54-9A1E7A4F7556}") = "MicroRabbit.Domain.Core", "MicroRabbit.Domain.Core\MicroRabbit.Domain.Core.csproj", "{483FB5EE-1A82-49C3-8D6C-93CC3721FFDE}"
EndProject
Project("{FAE04EC0-301F-11D3-BF4B-00C04F79EFBC}") = "MicroRabbit.Infra.Bus", "MicroRabbit.Infra.Bus\MicroRabbit.Infra.Bus.csproj", "{BF3749D0-3B16-4E6A-9FE4-39E779FBE6D3}"
EndProject
Global
	GlobalSection(SolutionConfigurationPlatforms) = preSolution
		Debug|Any CPU = Debug|Any CPU
		Release|Any CPU = Release|Any CPU
	EndGlobalSection
	GlobalSection(ProjectConfigurationPlatforms) = postSolution
		{483FB5EE-1A82-49C3-8D6C-93CC3721FFDE}.Debug|Any CPU.ActiveCfg = Debug|Any CPU
		{483FB5EE-1A82-49C3-8D6C-93CC3721FFDE}.Debug|Any CPU.Build.0 = Debug|Any CPU
		{483FB5EE-1A82-49C3-8D6C-93CC3721FFDE}.Release|Any CPU.ActiveCfg = Release|Any CPU
		{483FB5EE-1A82-49C3-8D6C-93CC3721FFDE}.Release|Any CPU.Build.0 = Release|Any CPU
		{BF3749D0-3B16-4E6A-9FE4-39E779FBE6D3}.Debug|Any CPU.ActiveCfg = Debug|Any CPU
		{BF3749D0-3B16-4E6A-9FE4-39E779FBE6D3}.Debug|Any CPU.Build.0 = Debug|Any CPU
		{BF3749D0-3B16-4E6A-9FE4-39E779FBE6D3}.Release|Any CPU.ActiveCfg = Release|Any CPU
		{BF3749D0-3B16-4E6A-9FE4-39E779FBE6D3}.Release|Any CPU.Build.0 = Release|Any CPU
	EndGlobalSection
	GlobalSection(SolutionProperties) = preSolution
		HideSolutionNode = FALSE
	EndGlobalSection
	GlobalSection(NestedProjects) = preSolution
		{483FB5EE-1A82-49C3-8D6C-93CC3721FFDE} = {7DF42C0E-64DC-4C41-8940-075B1FB0EBBD}
		{BF3749D0-3B16-4E6A-9FE4-39E779FBE6D3} = {AFDAFD02-AC77-4C53-A3E7-94BC898A27BA}
	EndGlobalSection
	GlobalSection(ExtensibilityGlobals) = postSolution
		SolutionGuid = {2A3A7FDF-742F-4356-91C7-EFF33344EB3D}
	EndGlobalSection
EndGlobal
